{
  "nodes": {
    "nixpkgs": {
      "info": {
        "lastModified": 1592263354,
        "narHash": "sha256-1wHPn5qKfzfG06dZhpXDEg5Zt6HwvfyPPgW1tkYFejg="
      },
      "locked": {
        "owner": "NixOS",
        "repo": "nixpkgs",
        "rev": "a84b797b28eb104db758b5cb2b61ba8face6744b",
        "type": "github"
      },
      "original": {
        "owner": "NixOS",
        "ref": "nixos-20.03",
        "repo": "nixpkgs",
        "type": "github"
      }
    },
    "root": {
      "inputs": {
        "nixpkgs": "nixpkgs"
      }
    }
  },
  "root": "root",
  "version": 5
}
